
Microsoft Visual Studio Solution File, Format Version 12.00
# Visual Studio Version 17
VisualStudioVersion = 17.0.31903.59
MinimumVisualStudioVersion = 10.0.40219.1
Project("{FAE04EC0-301F-11D3-BF4B-00C04F79EFBC}") = "GTTS", "GTTS\GTTS.csproj", "{A1B6FFFE-429F-42EA-85AF-47668C7728B7}"
EndProject
Project("{FAE04EC0-301F-11D3-BF4B-00C04F79EFBC}") = "GTTS.Tests", "GTTS.Tests\GTTS.Tests.csproj", "{F65E9680-C3B5-460E-9BBB-39911D5403ED}"
EndProject
Global
	GlobalSection(SolutionConfigurationPlatforms) = preSolution
		Debug|Any CPU = Debug|Any CPU
		Release|Any CPU = Release|Any CPU
	EndGlobalSection
	GlobalSection(SolutionProperties) = preSolution
		HideSolutionNode = FALSE
	EndGlobalSection
	GlobalSection(ProjectConfigurationPlatforms) = postSolution
		{A1B6FFFE-429F-42EA-85AF-47668C7728B7}.Debug|Any CPU.ActiveCfg = Debug|Any CPU
		{A1B6FFFE-429F-42EA-85AF-47668C7728B7}.Debug|Any CPU.Build.0 = Debug|Any CPU
		{A1B6FFFE-429F-42EA-85AF-47668C7728B7}.Release|Any CPU.ActiveCfg = Release|Any CPU
		{A1B6FFFE-429F-42EA-85AF-47668C7728B7}.Release|Any CPU.Build.0 = Release|Any CPU
		{F65E9680-C3B5-460E-9BBB-39911D5403ED}.Debug|Any CPU.ActiveCfg = Debug|Any CPU
		{F65E9680-C3B5-460E-9BBB-39911D5403ED}.Debug|Any CPU.Build.0 = Debug|Any CPU
		{F65E9680-C3B5-460E-9BBB-39911D5403ED}.Release|Any CPU.ActiveCfg = Release|Any CPU
		{F65E9680-C3B5-460E-9BBB-39911D5403ED}.Release|Any CPU.Build.0 = Release|Any CPU
	EndGlobalSection
EndGlobal
